{
  "version": 4,
  "terraform_version": "1.3.1",
  "serial": 27,
  "lineage": "1a1430bb-aa27-2bb1-7bb9-07dc37c81a42",
  "outputs": {
    "server_ip": {
      "value": [
        "143.198.64.152"
      ],
      "type": [
        "tuple",
        [
          "string"
        ]
      ]
    }
  },
  "resources": [
    {
      "mode": "data",
      "type": "digitalocean_project",
      "name": "MueblesStgo",
      "provider": "provider[\"registry.terraform.io/digitalocean/digitalocean\"]",
      "instances": [
        {
          "schema_version": 0,
          "attributes": {
            "created_at": "2022-09-17T18:17:47Z",
            "description": "Proyecto MueblesStgo para Metódos de Ingeniería de Software",
            "environment": "",
            "id": "72ed63ea-691a-42a6-9f7b-b62cd41c63fe",
            "is_default": false,
            "name": "MueblesStgo",
            "owner_id": 11304465,
            "owner_uuid": "91d85ae0-690f-4dcd-b604-3d77e139cbe7",
            "purpose": "Class project / Educational purposes",
            "resources": [],
            "updated_at": "2022-09-17T18:18:12Z"
          },
          "sensitive_attributes": []
        }
      ]
    },
    {
      "mode": "data",
      "type": "digitalocean_ssh_key",
      "name": "mysshkey",
      "provider": "provider[\"registry.terraform.io/digitalocean/digitalocean\"]",
      "instances": [
        {
          "schema_version": 0,
          "attributes": {
            "fingerprint": "06:ff:c2:d0:c5:9d:36:1a:bd:49:c3:69:0a:3b:73:df",
            "id": 36219278,
            "name": "Home-Linux",
            "public_key": "ssh-rsa AAAAB3NzaC1yc2EAAAADAQABAAABgQCTTiJzUqspUQN4wmL38LuLs/4OOOIdL8buekucejfwsfp0ryQDEA31rRxDoiDxadnYlfdukfgd7GeLA3AT9MutSR/Xvv6Y/UDvFDuLCTTJ20GJq/IcdQR76A6gdmgESbuWLSqQdZIvtLXiY5rteRd9+li6bxJG+rig3MfTclM3OmxF+Fq3BGFeHdXqrYyud5JfbdZ8jOPc7BUJjskfTfMbtZS25kZm/bfAWYHuC7625eRRDQYAWWGWk2Q6uU5yQKyu5dTNB9n9nSuEiA8JiKU8XSuXkeK3mskmwu0rj+HDtC+6pkkujieI9ok5Nn9a4tZNa6ijKsMO4/nfAQsAfzK5Di2Jzc5sHDMDovvGRScIH1mmNLhp++sS+2XgH2hYf4gQXpPW1OSkgHhvskKld0pMx/TyE/1H0LUQp04Ci2z7Kyo5E7r1W1W6Ui94FdNe+VoBF0lm+DKQS7PZmAH1kpLRGQNMUxS4f1XzK9NuVmjiZnAUxkwKLoX5UU0FRWRhk+k= shark@Shark\n"
          },
          "sensitive_attributes": []
        }
      ]
    },
    {
      "mode": "managed",
      "type": "digitalocean_droplet",
      "name": "web",
      "provider": "provider[\"registry.terraform.io/digitalocean/digitalocean\"]",
      "instances": [
        {
          "schema_version": 1,
          "attributes": {
            "backups": false,
            "created_at": "2022-10-03T06:42:37Z",
            "disk": 25,
            "droplet_agent": null,
            "graceful_shutdown": false,
            "id": "319316038",
            "image": "ubuntu-20-04-x64",
            "ipv4_address": "143.198.64.152",
            "ipv4_address_private": "10.124.0.2",
            "ipv6": false,
            "ipv6_address": "",
            "locked": false,
            "memory": 1024,
            "monitoring": false,
            "name": "MueblesStgo-web-sfo3-s-1vcpu-1gb",
            "price_hourly": 0.00893,
            "price_monthly": 6,
            "private_networking": true,
            "region": "sfo3",
            "resize_disk": true,
            "size": "s-1vcpu-1gb",
            "ssh_keys": [
              "36219278"
            ],
            "status": "active",
            "tags": [],
            "timeouts": null,
            "urn": "do:droplet:319316038",
            "user_data": null,
            "vcpus": 1,
            "volume_ids": [],
            "vpc_uuid": "461513d4-8121-49e7-b67a-d0b5daab084e"
          },
          "sensitive_attributes": [],
          "private": "eyJlMmJmYjczMC1lY2FhLTExZTYtOGY4OC0zNDM2M2JjN2M0YzAiOnsiY3JlYXRlIjozNjAwMDAwMDAwMDAwLCJkZWxldGUiOjYwMDAwMDAwMDAwLCJ1cGRhdGUiOjM2MDAwMDAwMDAwMDB9LCJzY2hlbWFfdmVyc2lvbiI6IjEifQ==",
          "dependencies": [
            "data.digitalocean_ssh_key.mysshkey"
          ],
          "create_before_destroy": true
        }
      ]
    },
    {
      "mode": "managed",
      "type": "digitalocean_project_resources",
      "name": "dev",
      "provider": "provider[\"registry.terraform.io/digitalocean/digitalocean\"]",
      "instances": [
        {
          "schema_version": 0,
          "attributes": {
            "id": "72ed63ea-691a-42a6-9f7b-b62cd41c63fe",
            "project": "72ed63ea-691a-42a6-9f7b-b62cd41c63fe",
            "resources": [
              "do:droplet:319316038"
            ]
          },
          "sensitive_attributes": [],
          "private": "bnVsbA==",
          "dependencies": [
            "data.digitalocean_project.MueblesStgo",
            "data.digitalocean_ssh_key.mysshkey",
            "digitalocean_droplet.web"
          ]
        }
      ]
    }
  ],
  "check_results": []
}
