{
  "version": 4,
  "terraform_version": "1.3.1",
  "serial": 46,
  "lineage": "1a1430bb-aa27-2bb1-7bb9-07dc37c81a42",
  "outputs": {
    "server_ip": {
      "value": [
        "147.182.242.225"
      ],
      "type": [
        "tuple",
        [
          "string"
        ]
      ]
    }
  },
  "resources": [
    {
      "mode": "data",
      "type": "digitalocean_project",
      "name": "MueblesStgo",
      "provider": "provider[\"registry.terraform.io/digitalocean/digitalocean\"]",
      "instances": [
        {
          "schema_version": 0,
          "attributes": {
            "created_at": "2022-09-17T18:17:47Z",
            "description": "Proyecto MueblesStgo para Metódos de Ingeniería de Software",
            "environment": "",
            "id": "72ed63ea-691a-42a6-9f7b-b62cd41c63fe",
            "is_default": false,
            "name": "MueblesStgo",
            "owner_id": 11304465,
            "owner_uuid": "91d85ae0-690f-4dcd-b604-3d77e139cbe7",
            "purpose": "Class project / Educational purposes",
            "resources": [
              "do:droplet:319430845",
              "do:droplet:319430846"
            ],
            "updated_at": "2022-09-17T18:18:12Z"
          },
          "sensitive_attributes": []
        }
      ]
    },
    {
      "mode": "data",
      "type": "digitalocean_ssh_key",
      "name": "mysshkey",
      "provider": "provider[\"registry.terraform.io/digitalocean/digitalocean\"]",
      "instances": [
        {
          "schema_version": 0,
          "attributes": {
            "fingerprint": "e7:f9:b8:6c:aa:1b:60:b1:ce:ac:49:12:6f:f9:c1:fa",
            "id": 36349751,
            "name": "Home-Windows",
            "public_key": "ssh-rsa AAAAB3NzaC1yc2EAAAADAQABAAABgQDkr4nenSzQQMrjW2Bf9zNjYkVy4oqBXDQoj4e1kmguSC7eCppk4tgulQPkhDDTBUmW5k3YRFXjhj2flKAib+pGNU1dSMhkXghkX3JjANZj8KGS4IHvKNztxXrxBYGe/ger4UvjGJuKp6yZCaFL17MHru6PWJ/zStnUYPL+RAHaOPccWHZethWK6dbcBULzxMo/IRQ61PJBJ/Ll6F8uF6SYy2E7Yfdz1cGEkwdH82ZAajeqI/4XUo9f+UB/g6DmM1jjZHj9aiBLXLn2N+QEqnjZ8aD43aOiTBYv4a3ZVacXpQxvgXMDAyxdkiTVRoYzvRfNI2bUNG9AgdrJlxxiDH4WqorqhHIXEqAyZI9IONVgc1ZtMgIz62Q8S2xgeNR8C4R+ps/xJ0/1FT90AiIGhtqhZpp2Ioj0hw8E7X9KY6l23qbyb5KncGwQdxhcVLXk0sLxkPGM8SAmR5yY4Zf5qIAU8sy5CRcgegARaDPuw+jW9DJz3tCjR8nPBfYQYVvf0Ss= carev@LAPTOP-3V2NFP4U"
          },
          "sensitive_attributes": []
        }
      ]
    },
    {
      "mode": "managed",
      "type": "digitalocean_droplet",
      "name": "web",
      "provider": "provider[\"registry.terraform.io/digitalocean/digitalocean\"]",
      "instances": [
        {
          "schema_version": 1,
          "attributes": {
            "backups": false,
            "created_at": "2022-10-04T03:33:59Z",
            "disk": 25,
            "droplet_agent": null,
            "graceful_shutdown": false,
            "id": "319435639",
            "image": "ubuntu-20-04-x64",
            "ipv4_address": "147.182.242.225",
            "ipv4_address_private": "10.124.0.4",
            "ipv6": false,
            "ipv6_address": "",
            "locked": false,
            "memory": 1024,
            "monitoring": false,
            "name": "MueblesStgo-web-sfo3-s-1vcpu-1gb",
            "price_hourly": 0.00893,
            "price_monthly": 6,
            "private_networking": true,
            "region": "sfo3",
            "resize_disk": true,
            "size": "s-1vcpu-1gb",
            "ssh_keys": [
              "36349751"
            ],
            "status": "active",
            "tags": null,
            "timeouts": null,
            "urn": "do:droplet:319435639",
            "user_data": null,
            "vcpus": 1,
            "volume_ids": [],
            "vpc_uuid": "461513d4-8121-49e7-b67a-d0b5daab084e"
          },
          "sensitive_attributes": [],
          "private": "eyJlMmJmYjczMC1lY2FhLTExZTYtOGY4OC0zNDM2M2JjN2M0YzAiOnsiY3JlYXRlIjozNjAwMDAwMDAwMDAwLCJkZWxldGUiOjYwMDAwMDAwMDAwLCJ1cGRhdGUiOjM2MDAwMDAwMDAwMDB9LCJzY2hlbWFfdmVyc2lvbiI6IjEifQ==",
          "dependencies": [
            "data.digitalocean_ssh_key.mysshkey"
          ],
          "create_before_destroy": true
        }
      ]
    },
    {
      "mode": "managed",
      "type": "digitalocean_project_resources",
      "name": "dev",
      "provider": "provider[\"registry.terraform.io/digitalocean/digitalocean\"]",
      "instances": [
        {
          "schema_version": 0,
          "attributes": {
            "id": "72ed63ea-691a-42a6-9f7b-b62cd41c63fe",
            "project": "72ed63ea-691a-42a6-9f7b-b62cd41c63fe",
            "resources": [
              "do:droplet:319435639"
            ]
          },
          "sensitive_attributes": [],
          "private": "bnVsbA==",
          "dependencies": [
            "data.digitalocean_project.MueblesStgo",
            "data.digitalocean_ssh_key.mysshkey",
            "digitalocean_droplet.web"
          ]
        }
      ]
    }
  ],
  "check_results": []
}
